
Microsoft Visual Studio Solution File, Format Version 12.00
# Visual Studio Version 16
VisualStudioVersion = 16.0.30709.132
MinimumVisualStudioVersion = 10.0.40219.1
Project("{9092AA53-FB77-4645-B42D-1CCCA6BD08BD}") = "oplog", "oplog\oplog.njsproj", "{DE79EEC5-931A-416A-B449-BE5858D9E505}"
EndProject
Global
	GlobalSection(SolutionConfigurationPlatforms) = preSolution
		Debug|Any CPU = Debug|Any CPU
		Release|Any CPU = Release|Any CPU
	EndGlobalSection
	GlobalSection(ProjectConfigurationPlatforms) = postSolution
		{DE79EEC5-931A-416A-B449-BE5858D9E505}.Debug|Any CPU.ActiveCfg = Debug|Any CPU
		{DE79EEC5-931A-416A-B449-BE5858D9E505}.Debug|Any CPU.Build.0 = Debug|Any CPU
		{DE79EEC5-931A-416A-B449-BE5858D9E505}.Release|Any CPU.ActiveCfg = Release|Any CPU
		{DE79EEC5-931A-416A-B449-BE5858D9E505}.Release|Any CPU.Build.0 = Release|Any CPU
	EndGlobalSection
	GlobalSection(SolutionProperties) = preSolution
		HideSolutionNode = FALSE
	EndGlobalSection
	GlobalSection(ExtensibilityGlobals) = postSolution
		SolutionGuid = {AB05B62D-EB46-4962-8BF1-542B8BDB4901}
	EndGlobalSection
EndGlobal
